
Microsoft Visual Studio Solution File, Format Version 12.00
# Visual Studio Version 16
VisualStudioVersion = 16.0.29709.97
MinimumVisualStudioVersion = 10.0.40219.1
Project("{9A19103F-16F7-4668-BE54-9A1E7A4F7556}") = "EinsLiveSpotifyImporter", "EinsLiveSpotifyImporter\EinsLiveSpotifyImporter.csproj", "{ED91A398-0EAA-4E3A-A76D-B6D84183D342}"
EndProject
Project("{9A19103F-16F7-4668-BE54-9A1E7A4F7556}") = "EinsLivePlaylistCrawler", "EinsLivePlaylistCrawler\EinsLivePlaylistCrawler.csproj", "{232EB4BB-3651-4243-BF98-79DBD80BC56E}"
EndProject
Project("{9A19103F-16F7-4668-BE54-9A1E7A4F7556}") = "EinsLivePlaylistCrawler.Test", "EinsLivePlaylistCrawler.Test\EinsLivePlaylistCrawler.Test.csproj", "{D0CB1CE4-7C67-4FC3-A398-A7ECF99293B6}"
EndProject
Project("{FAE04EC0-301F-11D3-BF4B-00C04F79EFBC}") = "EinsLiveSpotifyImporter.Core", "EinsLiveSpotifyImporter.Core\EinsLiveSpotifyImporter.Core.csproj", "{326CFFAF-344D-4C80-AA4F-AB5E7A441858}"
EndProject
Global
	GlobalSection(SolutionConfigurationPlatforms) = preSolution
		Debug|Any CPU = Debug|Any CPU
		Release|Any CPU = Release|Any CPU
	EndGlobalSection
	GlobalSection(ProjectConfigurationPlatforms) = postSolution
		{ED91A398-0EAA-4E3A-A76D-B6D84183D342}.Debug|Any CPU.ActiveCfg = Debug|Any CPU
		{ED91A398-0EAA-4E3A-A76D-B6D84183D342}.Debug|Any CPU.Build.0 = Debug|Any CPU
		{ED91A398-0EAA-4E3A-A76D-B6D84183D342}.Release|Any CPU.ActiveCfg = Release|Any CPU
		{ED91A398-0EAA-4E3A-A76D-B6D84183D342}.Release|Any CPU.Build.0 = Release|Any CPU
		{232EB4BB-3651-4243-BF98-79DBD80BC56E}.Debug|Any CPU.ActiveCfg = Debug|Any CPU
		{232EB4BB-3651-4243-BF98-79DBD80BC56E}.Debug|Any CPU.Build.0 = Debug|Any CPU
		{232EB4BB-3651-4243-BF98-79DBD80BC56E}.Release|Any CPU.ActiveCfg = Release|Any CPU
		{232EB4BB-3651-4243-BF98-79DBD80BC56E}.Release|Any CPU.Build.0 = Release|Any CPU
		{D0CB1CE4-7C67-4FC3-A398-A7ECF99293B6}.Debug|Any CPU.ActiveCfg = Debug|Any CPU
		{D0CB1CE4-7C67-4FC3-A398-A7ECF99293B6}.Debug|Any CPU.Build.0 = Debug|Any CPU
		{D0CB1CE4-7C67-4FC3-A398-A7ECF99293B6}.Release|Any CPU.ActiveCfg = Release|Any CPU
		{D0CB1CE4-7C67-4FC3-A398-A7ECF99293B6}.Release|Any CPU.Build.0 = Release|Any CPU
		{326CFFAF-344D-4C80-AA4F-AB5E7A441858}.Debug|Any CPU.ActiveCfg = Debug|Any CPU
		{326CFFAF-344D-4C80-AA4F-AB5E7A441858}.Debug|Any CPU.Build.0 = Debug|Any CPU
		{326CFFAF-344D-4C80-AA4F-AB5E7A441858}.Release|Any CPU.ActiveCfg = Release|Any CPU
		{326CFFAF-344D-4C80-AA4F-AB5E7A441858}.Release|Any CPU.Build.0 = Release|Any CPU
	EndGlobalSection
	GlobalSection(SolutionProperties) = preSolution
		HideSolutionNode = FALSE
	EndGlobalSection
	GlobalSection(ExtensibilityGlobals) = postSolution
		SolutionGuid = {3A13FC26-7EC0-493B-96B5-939BCF586483}
	EndGlobalSection
EndGlobal
